
Microsoft Visual Studio Solution File, Format Version 12.00
# Visual Studio Version 17
VisualStudioVersion = 17.0.31903.59
MinimumVisualStudioVersion = 10.0.40219.1
Project("{2150E333-8FDC-42A3-9474-1A3956D46DE8}") = "src", "src", "{827E0CD3-B72D-47B6-A68D-7590B98EB39B}"
EndProject
Project("{FAE04EC0-301F-11D3-BF4B-00C04F79EFBC}") = "CoffeeScale.Core", "src\CoffeeScale.Core\CoffeeScale.Core.csproj", "{66E3E6D5-6B99-46C1-8368-A0A12F40A34A}"
EndProject
Project("{FAE04EC0-301F-11D3-BF4B-00C04F79EFBC}") = "CoffeeScale.Core.Tests", "tests\CoffeeScale.Core.Tests\CoffeeScale.Core.Tests.csproj", "{6C8D735C-284F-4EFB-933B-11AFCB0385A4}"
EndProject
Project("{FAE04EC0-301F-11D3-BF4B-00C04F79EFBC}") = "CoffeeScale.ViewModels", "src\CoffeeScale.ViewModels\CoffeeScale.ViewModels.csproj", "{A6520FFD-3F90-46C8-B6AB-B1F28F03426C}"
EndProject
Project("{FAE04EC0-301F-11D3-BF4B-00C04F79EFBC}") = "CoffeeScale.ViewModels.Tests", "tests\CoffeeScale.ViewModels.Tests\CoffeeScale.ViewModels.Tests.csproj", "{4FDF9F42-B865-4EDA-9814-D3613AD1808A}"
EndProject
Project("{FAE04EC0-301F-11D3-BF4B-00C04F79EFBC}") = "CoffeeScale.UI", "src\CoffeeScale.UI\CoffeeScale.UI.csproj", "{A1B2C3D4-0001-4A1A-9A1A-0000000000A1}"
EndProject
Project("{2150E333-8FDC-42A3-9474-1A3956D46DE8}") = "tests", "tests", "{0AB3BF05-4346-4AA6-1389-037BE0695223}"
EndProject
Project("{FAE04EC0-301F-11D3-BF4B-00C04F79EFBC}") = "CoffeeScale.UI.Tests", "tests\CoffeeScale.UI.Tests\CoffeeScale.UI.Tests.csproj", "{386A3BA8-25E1-4A67-8FF7-C925153CEE83}"
EndProject
Global
	GlobalSection(SolutionConfigurationPlatforms) = preSolution
		Debug|Any CPU = Debug|Any CPU
		Debug|x64 = Debug|x64
		Debug|x86 = Debug|x86
		Release|Any CPU = Release|Any CPU
		Release|x64 = Release|x64
		Release|x86 = Release|x86
	EndGlobalSection
	GlobalSection(ProjectConfigurationPlatforms) = postSolution
		{66E3E6D5-6B99-46C1-8368-A0A12F40A34A}.Debug|Any CPU.ActiveCfg = Debug|Any CPU
		{66E3E6D5-6B99-46C1-8368-A0A12F40A34A}.Debug|Any CPU.Build.0 = Debug|Any CPU
		{66E3E6D5-6B99-46C1-8368-A0A12F40A34A}.Debug|x64.ActiveCfg = Debug|Any CPU
		{66E3E6D5-6B99-46C1-8368-A0A12F40A34A}.Debug|x64.Build.0 = Debug|Any CPU
		{66E3E6D5-6B99-46C1-8368-A0A12F40A34A}.Debug|x86.ActiveCfg = Debug|Any CPU
		{66E3E6D5-6B99-46C1-8368-A0A12F40A34A}.Debug|x86.Build.0 = Debug|Any CPU
		{66E3E6D5-6B99-46C1-8368-A0A12F40A34A}.Release|Any CPU.ActiveCfg = Release|Any CPU
		{66E3E6D5-6B99-46C1-8368-A0A12F40A34A}.Release|Any CPU.Build.0 = Release|Any CPU
		{66E3E6D5-6B99-46C1-8368-A0A12F40A34A}.Release|x64.ActiveCfg = Release|Any CPU
		{66E3E6D5-6B99-46C1-8368-A0A12F40A34A}.Release|x64.Build.0 = Release|Any CPU
		{66E3E6D5-6B99-46C1-8368-A0A12F40A34A}.Release|x86.ActiveCfg = Release|Any CPU
		{66E3E6D5-6B99-46C1-8368-A0A12F40A34A}.Release|x86.Build.0 = Release|Any CPU
		{6C8D735C-284F-4EFB-933B-11AFCB0385A4}.Debug|Any CPU.ActiveCfg = Debug|Any CPU
		{6C8D735C-284F-4EFB-933B-11AFCB0385A4}.Debug|Any CPU.Build.0 = Debug|Any CPU
		{6C8D735C-284F-4EFB-933B-11AFCB0385A4}.Debug|x64.ActiveCfg = Debug|Any CPU
		{6C8D735C-284F-4EFB-933B-11AFCB0385A4}.Debug|x64.Build.0 = Debug|Any CPU
		{6C8D735C-284F-4EFB-933B-11AFCB0385A4}.Debug|x86.ActiveCfg = Debug|Any CPU
		{6C8D735C-284F-4EFB-933B-11AFCB0385A4}.Debug|x86.Build.0 = Debug|Any CPU
		{6C8D735C-284F-4EFB-933B-11AFCB0385A4}.Release|Any CPU.ActiveCfg = Release|Any CPU
		{6C8D735C-284F-4EFB-933B-11AFCB0385A4}.Release|Any CPU.Build.0 = Release|Any CPU
		{6C8D735C-284F-4EFB-933B-11AFCB0385A4}.Release|x64.ActiveCfg = Release|Any CPU
		{6C8D735C-284F-4EFB-933B-11AFCB0385A4}.Release|x64.Build.0 = Release|Any CPU
		{6C8D735C-284F-4EFB-933B-11AFCB0385A4}.Release|x86.ActiveCfg = Release|Any CPU
		{6C8D735C-284F-4EFB-933B-11AFCB0385A4}.Release|x86.Build.0 = Release|Any CPU
		{A6520FFD-3F90-46C8-B6AB-B1F28F03426C}.Debug|Any CPU.ActiveCfg = Debug|Any CPU
		{A6520FFD-3F90-46C8-B6AB-B1F28F03426C}.Debug|Any CPU.Build.0 = Debug|Any CPU
		{A6520FFD-3F90-46C8-B6AB-B1F28F03426C}.Debug|x64.ActiveCfg = Debug|Any CPU
		{A6520FFD-3F90-46C8-B6AB-B1F28F03426C}.Debug|x64.Build.0 = Debug|Any CPU
		{A6520FFD-3F90-46C8-B6AB-B1F28F03426C}.Debug|x86.ActiveCfg = Debug|Any CPU
		{A6520FFD-3F90-46C8-B6AB-B1F28F03426C}.Debug|x86.Build.0 = Debug|Any CPU
		{A6520FFD-3F90-46C8-B6AB-B1F28F03426C}.Release|Any CPU.ActiveCfg = Release|Any CPU
		{A6520FFD-3F90-46C8-B6AB-B1F28F03426C}.Release|Any CPU.Build.0 = Release|Any CPU
		{A6520FFD-3F90-46C8-B6AB-B1F28F03426C}.Release|x64.ActiveCfg = Release|Any CPU
		{A6520FFD-3F90-46C8-B6AB-B1F28F03426C}.Release|x64.Build.0 = Release|Any CPU
		{A6520FFD-3F90-46C8-B6AB-B1F28F03426C}.Release|x86.ActiveCfg = Release|Any CPU
		{A6520FFD-3F90-46C8-B6AB-B1F28F03426C}.Release|x86.Build.0 = Release|Any CPU
		{4FDF9F42-B865-4EDA-9814-D3613AD1808A}.Debug|Any CPU.ActiveCfg = Debug|Any CPU
		{4FDF9F42-B865-4EDA-9814-D3613AD1808A}.Debug|Any CPU.Build.0 = Debug|Any CPU
		{4FDF9F42-B865-4EDA-9814-D3613AD1808A}.Debug|x64.ActiveCfg = Debug|Any CPU
		{4FDF9F42-B865-4EDA-9814-D3613AD1808A}.Debug|x64.Build.0 = Debug|Any CPU
		{4FDF9F42-B865-4EDA-9814-D3613AD1808A}.Debug|x86.ActiveCfg = Debug|Any CPU
		{4FDF9F42-B865-4EDA-9814-D3613AD1808A}.Debug|x86.Build.0 = Debug|Any CPU
		{4FDF9F42-B865-4EDA-9814-D3613AD1808A}.Release|Any CPU.ActiveCfg = Release|Any CPU
		{4FDF9F42-B865-4EDA-9814-D3613AD1808A}.Release|Any CPU.Build.0 = Release|Any CPU
		{4FDF9F42-B865-4EDA-9814-D3613AD1808A}.Release|x64.ActiveCfg = Release|Any CPU
		{4FDF9F42-B865-4EDA-9814-D3613AD1808A}.Release|x64.Build.0 = Release|Any CPU
		{4FDF9F42-B865-4EDA-9814-D3613AD1808A}.Release|x86.ActiveCfg = Release|Any CPU
		{4FDF9F42-B865-4EDA-9814-D3613AD1808A}.Release|x86.Build.0 = Release|Any CPU
		{A1B2C3D4-0001-4A1A-9A1A-0000000000A1}.Debug|Any CPU.ActiveCfg = Debug|Any CPU
		{A1B2C3D4-0001-4A1A-9A1A-0000000000A1}.Debug|Any CPU.Build.0 = Debug|Any CPU
		{A1B2C3D4-0001-4A1A-9A1A-0000000000A1}.Release|Any CPU.ActiveCfg = Release|Any CPU
		{A1B2C3D4-0001-4A1A-9A1A-0000000000A1}.Release|Any CPU.Build.0 = Release|Any CPU
		{386A3BA8-25E1-4A67-8FF7-C925153CEE83}.Debug|Any CPU.ActiveCfg = Debug|Any CPU
		{386A3BA8-25E1-4A67-8FF7-C925153CEE83}.Debug|Any CPU.Build.0 = Debug|Any CPU
		{386A3BA8-25E1-4A67-8FF7-C925153CEE83}.Debug|x64.ActiveCfg = Debug|Any CPU
		{386A3BA8-25E1-4A67-8FF7-C925153CEE83}.Debug|x64.Build.0 = Debug|Any CPU
		{386A3BA8-25E1-4A67-8FF7-C925153CEE83}.Debug|x86.ActiveCfg = Debug|Any CPU
		{386A3BA8-25E1-4A67-8FF7-C925153CEE83}.Debug|x86.Build.0 = Debug|Any CPU
		{386A3BA8-25E1-4A67-8FF7-C925153CEE83}.Release|Any CPU.ActiveCfg = Release|Any CPU
		{386A3BA8-25E1-4A67-8FF7-C925153CEE83}.Release|Any CPU.Build.0 = Release|Any CPU
		{386A3BA8-25E1-4A67-8FF7-C925153CEE83}.Release|x64.ActiveCfg = Release|Any CPU
		{386A3BA8-25E1-4A67-8FF7-C925153CEE83}.Release|x64.Build.0 = Release|Any CPU
		{386A3BA8-25E1-4A67-8FF7-C925153CEE83}.Release|x86.ActiveCfg = Release|Any CPU
		{386A3BA8-25E1-4A67-8FF7-C925153CEE83}.Release|x86.Build.0 = Release|Any CPU
	EndGlobalSection
	GlobalSection(SolutionProperties) = preSolution
		HideSolutionNode = FALSE
	EndGlobalSection
	GlobalSection(NestedProjects) = preSolution
		{66E3E6D5-6B99-46C1-8368-A0A12F40A34A} = {827E0CD3-B72D-47B6-A68D-7590B98EB39B}
		{6C8D735C-284F-4EFB-933B-11AFCB0385A4} = {827E0CD3-B72D-47B6-A68D-7590B98EB39B}
		{A6520FFD-3F90-46C8-B6AB-B1F28F03426C} = {827E0CD3-B72D-47B6-A68D-7590B98EB39B}
		{4FDF9F42-B865-4EDA-9814-D3613AD1808A} = {827E0CD3-B72D-47B6-A68D-7590B98EB39B}
		{A1B2C3D4-0001-4A1A-9A1A-0000000000A1} = {827E0CD3-B72D-47B6-A68D-7590B98EB39B}
		{386A3BA8-25E1-4A67-8FF7-C925153CEE83} = {0AB3BF05-4346-4AA6-1389-037BE0695223}
	EndGlobalSection
EndGlobal
